{
  "nodes": {
    "flake-compat": {
      "locked": {
        "lastModified": 1761588595,
        "narHash": "sha256-XKUZz9zewJNUj46b4AJdiRZJAvSZ0Dqj2BNfXvFlJC4=",
        "owner": "edolstra",
        "repo": "flake-compat",
        "rev": "f387cd2afec9419c8ee37694406ca490c3f34ee5",
        "type": "github"
      },
      "original": {
        "owner": "edolstra",
        "repo": "flake-compat",
        "type": "github"
      }
    },
    "flake-utils": {
      "inputs": {
        "systems": "systems"
      },
      "locked": {
        "lastModified": 1731533236,
        "narHash": "sha256-l0KFg5HjrsfsO/JpG+r7fRrqm12kzFHyUHqHCVpMMbI=",
        "owner": "numtide",
        "repo": "flake-utils",
        "rev": "11707dc2f618dd54ca8739b309ec4fc024de578b",
        "type": "github"
      },
      "original": {
        "owner": "numtide",
        "repo": "flake-utils",
        "type": "github"
      }
    },
    "hermes-src": {
      "flake": false,
      "locked": {
        "lastModified": 1762481677,
        "narHash": "sha256-0hO3gQdzSUOLxHgmAc36a9ikHk/Dc6Yq89bhhToNKuE=",
        "owner": "mmsqe",
        "repo": "ibc-rs",
        "rev": "ae80ab348952840696e6c9a0c7096d2de11ea579",
        "type": "github"
      },
      "original": {
        "owner": "mmsqe",
        "repo": "ibc-rs",
        "rev": "ae80ab348952840696e6c9a0c7096d2de11ea579",
        "type": "github"
      }
    },
    "nixpkgs": {
      "locked": {
        "lastModified": 1772773020,
        "narHash": "sha256-jW8DkUlojlNd8A9CzrMhKV+0p4T+1msKo3EI/aZB/9U=",
        "owner": "NixOS",
        "repo": "nixpkgs",
        "rev": "dd95486e5cc5c757e76b5682c5f6ed442824c346",
        "type": "github"
      },
      "original": {
        "owner": "NixOS",
        "ref": "release-25.11",
        "repo": "nixpkgs",
        "type": "github"
      }
    },
    "root": {
      "inputs": {
        "flake-compat": "flake-compat",
        "flake-utils": "flake-utils",
        "hermes-src": "hermes-src",
        "nixpkgs": "nixpkgs"
      }
    },
    "systems": {
      "locked": {
        "lastModified": 1681028828,
        "narHash": "sha256-Vy1rq5AaRuLzOxct8nz4T6wlgyUR7zLU309k9mBC768=",
        "owner": "nix-systems",
        "repo": "default",
        "rev": "da67096a3b9bf56a91d16901293e51ba5b49a27e",
        "type": "github"
      },
      "original": {
        "owner": "nix-systems",
        "repo": "default",
        "type": "github"
      }
    }
  },
  "root": "root",
  "version": 7
}
